
Microsoft Visual Studio Solution File, Format Version 12.00
# Visual Studio Version 17
VisualStudioVersion = 17.14.37111.16 d17.14
MinimumVisualStudioVersion = 10.0.40219.1
Project("{FAE04EC0-301F-11D3-BF4B-00C04F79EFBC}") = "LibraryManagementSystem", "LibraryManagementSystem.csproj", "{87119C37-22F9-4DE9-BFBB-A74DD907994D}"
EndProject
Global
	GlobalSection(SolutionConfigurationPlatforms) = preSolution
		Debug|Any CPU = Debug|Any CPU
		Release|Any CPU = Release|Any CPU
	EndGlobalSection
	GlobalSection(ProjectConfigurationPlatforms) = postSolution
		{87119C37-22F9-4DE9-BFBB-A74DD907994D}.Debug|Any CPU.ActiveCfg = Debug|Any CPU
		{87119C37-22F9-4DE9-BFBB-A74DD907994D}.Debug|Any CPU.Build.0 = Debug|Any CPU
		{87119C37-22F9-4DE9-BFBB-A74DD907994D}.Release|Any CPU.ActiveCfg = Release|Any CPU
		{87119C37-22F9-4DE9-BFBB-A74DD907994D}.Release|Any CPU.Build.0 = Release|Any CPU
	EndGlobalSection
	GlobalSection(SolutionProperties) = preSolution
		HideSolutionNode = FALSE
	EndGlobalSection
	GlobalSection(ExtensibilityGlobals) = postSolution
		SolutionGuid = {2EB36FEF-D900-403D-B30F-999915A17960}
	EndGlobalSection
EndGlobal
