
Microsoft Visual Studio Solution File, Format Version 12.00
# Visual Studio Version 17
VisualStudioVersion = 17.14.37111.16 d17.14
MinimumVisualStudioVersion = 10.0.40219.1
Project("{FAE04EC0-301F-11D3-BF4B-00C04F79EFBC}") = "OnlineFoodOrderingSystem", "OnlineFoodOrderingSystem.csproj", "{6E70747D-4EB6-4A00-8D73-006549466A8E}"
EndProject
Global
	GlobalSection(SolutionConfigurationPlatforms) = preSolution
		Debug|Any CPU = Debug|Any CPU
		Release|Any CPU = Release|Any CPU
	EndGlobalSection
	GlobalSection(ProjectConfigurationPlatforms) = postSolution
		{6E70747D-4EB6-4A00-8D73-006549466A8E}.Debug|Any CPU.ActiveCfg = Debug|Any CPU
		{6E70747D-4EB6-4A00-8D73-006549466A8E}.Debug|Any CPU.Build.0 = Debug|Any CPU
		{6E70747D-4EB6-4A00-8D73-006549466A8E}.Release|Any CPU.ActiveCfg = Release|Any CPU
		{6E70747D-4EB6-4A00-8D73-006549466A8E}.Release|Any CPU.Build.0 = Release|Any CPU
	EndGlobalSection
	GlobalSection(SolutionProperties) = preSolution
		HideSolutionNode = FALSE
	EndGlobalSection
	GlobalSection(ExtensibilityGlobals) = postSolution
		SolutionGuid = {237F4F46-B358-49ED-859E-0C54D2473083}
	EndGlobalSection
EndGlobal
