
Microsoft Visual Studio Solution File, Format Version 12.00
# Visual Studio Version 17
VisualStudioVersion = 17.14.37111.16 d17.14
MinimumVisualStudioVersion = 10.0.40219.1
Project("{FAE04EC0-301F-11D3-BF4B-00C04F79EFBC}") = "FoodDeliveryNotificationSystem", "FoodDeliveryNotificationSystem.csproj", "{1F96F141-D5D3-41FD-BC67-BC33E4C1C231}"
EndProject
Global
	GlobalSection(SolutionConfigurationPlatforms) = preSolution
		Debug|Any CPU = Debug|Any CPU
		Release|Any CPU = Release|Any CPU
	EndGlobalSection
	GlobalSection(ProjectConfigurationPlatforms) = postSolution
		{1F96F141-D5D3-41FD-BC67-BC33E4C1C231}.Debug|Any CPU.ActiveCfg = Debug|Any CPU
		{1F96F141-D5D3-41FD-BC67-BC33E4C1C231}.Debug|Any CPU.Build.0 = Debug|Any CPU
		{1F96F141-D5D3-41FD-BC67-BC33E4C1C231}.Release|Any CPU.ActiveCfg = Release|Any CPU
		{1F96F141-D5D3-41FD-BC67-BC33E4C1C231}.Release|Any CPU.Build.0 = Release|Any CPU
	EndGlobalSection
	GlobalSection(SolutionProperties) = preSolution
		HideSolutionNode = FALSE
	EndGlobalSection
	GlobalSection(ExtensibilityGlobals) = postSolution
		SolutionGuid = {37D7431C-FF1A-4263-9C12-D3D3984A66CD}
	EndGlobalSection
EndGlobal
