
Microsoft Visual Studio Solution File, Format Version 12.00
# Visual Studio Version 17
VisualStudioVersion = 17.14.37111.16 d17.14
MinimumVisualStudioVersion = 10.0.40219.1
Project("{FAE04EC0-301F-11D3-BF4B-00C04F79EFBC}") = "OnlineShoppingCart", "OnlineShoppingCart.csproj", "{7A887A43-1A9B-435A-B8AE-4B810815E7A2}"
EndProject
Global
	GlobalSection(SolutionConfigurationPlatforms) = preSolution
		Debug|Any CPU = Debug|Any CPU
		Release|Any CPU = Release|Any CPU
	EndGlobalSection
	GlobalSection(ProjectConfigurationPlatforms) = postSolution
		{7A887A43-1A9B-435A-B8AE-4B810815E7A2}.Debug|Any CPU.ActiveCfg = Debug|Any CPU
		{7A887A43-1A9B-435A-B8AE-4B810815E7A2}.Debug|Any CPU.Build.0 = Debug|Any CPU
		{7A887A43-1A9B-435A-B8AE-4B810815E7A2}.Release|Any CPU.ActiveCfg = Release|Any CPU
		{7A887A43-1A9B-435A-B8AE-4B810815E7A2}.Release|Any CPU.Build.0 = Release|Any CPU
	EndGlobalSection
	GlobalSection(SolutionProperties) = preSolution
		HideSolutionNode = FALSE
	EndGlobalSection
	GlobalSection(ExtensibilityGlobals) = postSolution
		SolutionGuid = {70BB6F2E-3EDF-4157-AE7A-E7390C437845}
	EndGlobalSection
EndGlobal
