
Microsoft Visual Studio Solution File, Format Version 12.00
# Visual Studio Version 17
VisualStudioVersion = 17.14.37328.6 d17.14
MinimumVisualStudioVersion = 10.0.40219.1
Project("{FAE04EC0-301F-11D3-BF4B-00C04F79EFBC}") = "EmployeeManagementSystemADO", "EmployeeManagementSystemADO\EmployeeManagementSystemADO.csproj", "{CA5F76E7-18F1-45CE-B30E-0E9FC145EFF7}"
EndProject
Global
	GlobalSection(SolutionConfigurationPlatforms) = preSolution
		Debug|Any CPU = Debug|Any CPU
		Release|Any CPU = Release|Any CPU
	EndGlobalSection
	GlobalSection(ProjectConfigurationPlatforms) = postSolution
		{CA5F76E7-18F1-45CE-B30E-0E9FC145EFF7}.Debug|Any CPU.ActiveCfg = Debug|Any CPU
		{CA5F76E7-18F1-45CE-B30E-0E9FC145EFF7}.Debug|Any CPU.Build.0 = Debug|Any CPU
		{CA5F76E7-18F1-45CE-B30E-0E9FC145EFF7}.Release|Any CPU.ActiveCfg = Release|Any CPU
		{CA5F76E7-18F1-45CE-B30E-0E9FC145EFF7}.Release|Any CPU.Build.0 = Release|Any CPU
	EndGlobalSection
	GlobalSection(SolutionProperties) = preSolution
		HideSolutionNode = FALSE
	EndGlobalSection
	GlobalSection(ExtensibilityGlobals) = postSolution
		SolutionGuid = {1EDBA433-24AB-4DFF-93C0-94FCD1151835}
	EndGlobalSection
EndGlobal
