
Microsoft Visual Studio Solution File, Format Version 12.00
# Visual Studio Version 17
VisualStudioVersion = 17.14.37111.16 d17.14
MinimumVisualStudioVersion = 10.0.40219.1
Project("{FAE04EC0-301F-11D3-BF4B-00C04F79EFBC}") = "MovieTicketBooking", "MovieTicketBooking.csproj", "{6704B46A-4398-40FD-90A8-D55FE8A05EDC}"
EndProject
Global
	GlobalSection(SolutionConfigurationPlatforms) = preSolution
		Debug|Any CPU = Debug|Any CPU
		Release|Any CPU = Release|Any CPU
	EndGlobalSection
	GlobalSection(ProjectConfigurationPlatforms) = postSolution
		{6704B46A-4398-40FD-90A8-D55FE8A05EDC}.Debug|Any CPU.ActiveCfg = Debug|Any CPU
		{6704B46A-4398-40FD-90A8-D55FE8A05EDC}.Debug|Any CPU.Build.0 = Debug|Any CPU
		{6704B46A-4398-40FD-90A8-D55FE8A05EDC}.Release|Any CPU.ActiveCfg = Release|Any CPU
		{6704B46A-4398-40FD-90A8-D55FE8A05EDC}.Release|Any CPU.Build.0 = Release|Any CPU
	EndGlobalSection
	GlobalSection(SolutionProperties) = preSolution
		HideSolutionNode = FALSE
	EndGlobalSection
	GlobalSection(ExtensibilityGlobals) = postSolution
		SolutionGuid = {3D929A88-A924-412D-8342-8CF302D119B2}
	EndGlobalSection
EndGlobal
