
Microsoft Visual Studio Solution File, Format Version 12.00
# Visual Studio Version 17
VisualStudioVersion = 17.14.37111.16 d17.14
MinimumVisualStudioVersion = 10.0.40219.1
Project("{FAE04EC0-301F-11D3-BF4B-00C04F79EFBC}") = "StudentProfileSystem", "StudentProfileSystem.csproj", "{689DA72D-756B-44C0-8373-38669AFEA764}"
EndProject
Global
	GlobalSection(SolutionConfigurationPlatforms) = preSolution
		Debug|Any CPU = Debug|Any CPU
		Release|Any CPU = Release|Any CPU
	EndGlobalSection
	GlobalSection(ProjectConfigurationPlatforms) = postSolution
		{689DA72D-756B-44C0-8373-38669AFEA764}.Debug|Any CPU.ActiveCfg = Debug|Any CPU
		{689DA72D-756B-44C0-8373-38669AFEA764}.Debug|Any CPU.Build.0 = Debug|Any CPU
		{689DA72D-756B-44C0-8373-38669AFEA764}.Release|Any CPU.ActiveCfg = Release|Any CPU
		{689DA72D-756B-44C0-8373-38669AFEA764}.Release|Any CPU.Build.0 = Release|Any CPU
	EndGlobalSection
	GlobalSection(SolutionProperties) = preSolution
		HideSolutionNode = FALSE
	EndGlobalSection
	GlobalSection(ExtensibilityGlobals) = postSolution
		SolutionGuid = {86C26F58-6B64-48F4-ACD2-E92FFCE4E2CA}
	EndGlobalSection
EndGlobal
